
Microsoft Visual Studio Solution File, Format Version 12.00
# Visual Studio Version 16
VisualStudioVersion = 16.0.30621.155
MinimumVisualStudioVersion = 10.0.40219.1
Project("{FAE04EC0-301F-11D3-BF4B-00C04F79EFBC}") = "DB Lab Sike Trip", "DB Lab Sike Trip\DB Lab Sike Trip.csproj", "{A8087C60-AA9D-4612-8815-2741AB658B04}"
EndProject
Global
	GlobalSection(SolutionConfigurationPlatforms) = preSolution
		Debug|Any CPU = Debug|Any CPU
		Debug|x64 = Debug|x64
		Release|Any CPU = Release|Any CPU
		Release|x64 = Release|x64
	EndGlobalSection
	GlobalSection(ProjectConfigurationPlatforms) = postSolution
		{A8087C60-AA9D-4612-8815-2741AB658B04}.Debug|Any CPU.ActiveCfg = Debug|Any CPU
		{A8087C60-AA9D-4612-8815-2741AB658B04}.Debug|Any CPU.Build.0 = Debug|Any CPU
		{A8087C60-AA9D-4612-8815-2741AB658B04}.Debug|x64.ActiveCfg = Debug|x64
		{A8087C60-AA9D-4612-8815-2741AB658B04}.Debug|x64.Build.0 = Debug|x64
		{A8087C60-AA9D-4612-8815-2741AB658B04}.Release|Any CPU.ActiveCfg = Release|Any CPU
		{A8087C60-AA9D-4612-8815-2741AB658B04}.Release|Any CPU.Build.0 = Release|Any CPU
		{A8087C60-AA9D-4612-8815-2741AB658B04}.Release|x64.ActiveCfg = Release|x64
		{A8087C60-AA9D-4612-8815-2741AB658B04}.Release|x64.Build.0 = Release|x64
	EndGlobalSection
	GlobalSection(SolutionProperties) = preSolution
		HideSolutionNode = FALSE
	EndGlobalSection
	GlobalSection(ExtensibilityGlobals) = postSolution
		SolutionGuid = {D2477203-7A2E-4821-8E27-4C353DDF0B5B}
	EndGlobalSection
EndGlobal
